
Microsoft Visual Studio Solution File, Format Version 12.00
# Visual Studio Version 17
VisualStudioVersion = 17.4.33205.214
MinimumVisualStudioVersion = 10.0.40219.1
Project("{FAE04EC0-301F-11D3-BF4B-00C04F79EFBC}") = "TicTacToe10WinApp", "TicTacToe10WinApp.csproj", "{136E3443-2060-436B-8D9E-70EAB3F176BE}"
EndProject
Global
	GlobalSection(SolutionConfigurationPlatforms) = preSolution
		Debug|Any CPU = Debug|Any CPU
		Release|Any CPU = Release|Any CPU
	EndGlobalSection
	GlobalSection(ProjectConfigurationPlatforms) = postSolution
		{136E3443-2060-436B-8D9E-70EAB3F176BE}.Debug|Any CPU.ActiveCfg = Debug|Any CPU
		{136E3443-2060-436B-8D9E-70EAB3F176BE}.Debug|Any CPU.Build.0 = Debug|Any CPU
		{136E3443-2060-436B-8D9E-70EAB3F176BE}.Release|Any CPU.ActiveCfg = Release|Any CPU
		{136E3443-2060-436B-8D9E-70EAB3F176BE}.Release|Any CPU.Build.0 = Release|Any CPU
	EndGlobalSection
	GlobalSection(SolutionProperties) = preSolution
		HideSolutionNode = FALSE
	EndGlobalSection
	GlobalSection(ExtensibilityGlobals) = postSolution
		SolutionGuid = {AA419AE0-F328-460D-811E-21025DFBD9E7}
	EndGlobalSection
EndGlobal
