
Microsoft Visual Studio Solution File, Format Version 12.00
# Visual Studio Version 17
VisualStudioVersion = 17.4.33205.214
MinimumVisualStudioVersion = 10.0.40219.1
Project("{9A19103F-16F7-4668-BE54-9A1E7A4F7556}") = "TicTacToe10WinApp", "TicTacToe10WinApp.csproj", "{136E3443-2060-436B-8D9E-70EAB3F176BE}"
EndProject
Project("{9A19103F-16F7-4668-BE54-9A1E7A4F7556}") = "TicTacToeLogic", "..\TicTacToeLogic\TicTacToeLogic.csproj", "{BEB47D86-9CCF-4E5E-B8C9-F8896B3099C5}"
EndProject
Global
	GlobalSection(SolutionConfigurationPlatforms) = preSolution
		Debug|Any CPU = Debug|Any CPU
		Release|Any CPU = Release|Any CPU
	EndGlobalSection
	GlobalSection(ProjectConfigurationPlatforms) = postSolution
		{136E3443-2060-436B-8D9E-70EAB3F176BE}.Debug|Any CPU.ActiveCfg = Debug|Any CPU
		{136E3443-2060-436B-8D9E-70EAB3F176BE}.Debug|Any CPU.Build.0 = Debug|Any CPU
		{136E3443-2060-436B-8D9E-70EAB3F176BE}.Release|Any CPU.ActiveCfg = Release|Any CPU
		{136E3443-2060-436B-8D9E-70EAB3F176BE}.Release|Any CPU.Build.0 = Release|Any CPU
		{BEB47D86-9CCF-4E5E-B8C9-F8896B3099C5}.Debug|Any CPU.ActiveCfg = Debug|Any CPU
		{BEB47D86-9CCF-4E5E-B8C9-F8896B3099C5}.Debug|Any CPU.Build.0 = Debug|Any CPU
		{BEB47D86-9CCF-4E5E-B8C9-F8896B3099C5}.Release|Any CPU.ActiveCfg = Release|Any CPU
		{BEB47D86-9CCF-4E5E-B8C9-F8896B3099C5}.Release|Any CPU.Build.0 = Release|Any CPU
	EndGlobalSection
	GlobalSection(SolutionProperties) = preSolution
		HideSolutionNode = FALSE
	EndGlobalSection
	GlobalSection(ExtensibilityGlobals) = postSolution
		SolutionGuid = {AA419AE0-F328-460D-811E-21025DFBD9E7}
	EndGlobalSection
EndGlobal
