
Microsoft Visual Studio Solution File, Format Version 12.00
# Visual Studio Version 17
VisualStudioVersion = 17.4.33205.214
MinimumVisualStudioVersion = 10.0.40219.1
Project("{9A19103F-16F7-4668-BE54-9A1E7A4F7556}") = "TicTacToeTests", "TicTacToeTests.csproj", "{4A37A8EE-E59E-426A-B076-ABE6C56620BA}"
EndProject
Project("{9A19103F-16F7-4668-BE54-9A1E7A4F7556}") = "TicTacToeLogic", "..\TicTacToeLogic\TicTacToeLogic.csproj", "{18934791-CB48-4D0E-8A1B-A10E2110D8B5}"
EndProject
Global
	GlobalSection(SolutionConfigurationPlatforms) = preSolution
		Debug|Any CPU = Debug|Any CPU
		Release|Any CPU = Release|Any CPU
	EndGlobalSection
	GlobalSection(ProjectConfigurationPlatforms) = postSolution
		{4A37A8EE-E59E-426A-B076-ABE6C56620BA}.Debug|Any CPU.ActiveCfg = Debug|Any CPU
		{4A37A8EE-E59E-426A-B076-ABE6C56620BA}.Debug|Any CPU.Build.0 = Debug|Any CPU
		{4A37A8EE-E59E-426A-B076-ABE6C56620BA}.Release|Any CPU.ActiveCfg = Release|Any CPU
		{4A37A8EE-E59E-426A-B076-ABE6C56620BA}.Release|Any CPU.Build.0 = Release|Any CPU
		{18934791-CB48-4D0E-8A1B-A10E2110D8B5}.Debug|Any CPU.ActiveCfg = Debug|Any CPU
		{18934791-CB48-4D0E-8A1B-A10E2110D8B5}.Debug|Any CPU.Build.0 = Debug|Any CPU
		{18934791-CB48-4D0E-8A1B-A10E2110D8B5}.Release|Any CPU.ActiveCfg = Release|Any CPU
		{18934791-CB48-4D0E-8A1B-A10E2110D8B5}.Release|Any CPU.Build.0 = Release|Any CPU
	EndGlobalSection
	GlobalSection(SolutionProperties) = preSolution
		HideSolutionNode = FALSE
	EndGlobalSection
	GlobalSection(ExtensibilityGlobals) = postSolution
		SolutionGuid = {0E92D6CF-610E-4706-8256-E7D23896BC4E}
	EndGlobalSection
EndGlobal
